
Microsoft Visual Studio Solution File, Format Version 12.00
# Visual Studio Version 17
VisualStudioVersion = 17.8.34525.116
MinimumVisualStudioVersion = 10.0.40219.1
Project("{FAE04EC0-301F-11D3-BF4B-00C04F79EFBC}") = "Vaxel_ConsoleApp", "Vaxel_ConsoleApp.csproj", "{AB571657-6BF2-460E-BA0B-46D2C6CDB378}"
EndProject
Global
	GlobalSection(SolutionConfigurationPlatforms) = preSolution
		Debug|Any CPU = Debug|Any CPU
		Release|Any CPU = Release|Any CPU
	EndGlobalSection
	GlobalSection(ProjectConfigurationPlatforms) = postSolution
		{AB571657-6BF2-460E-BA0B-46D2C6CDB378}.Debug|Any CPU.ActiveCfg = Debug|Any CPU
		{AB571657-6BF2-460E-BA0B-46D2C6CDB378}.Debug|Any CPU.Build.0 = Debug|Any CPU
		{AB571657-6BF2-460E-BA0B-46D2C6CDB378}.Release|Any CPU.ActiveCfg = Release|Any CPU
		{AB571657-6BF2-460E-BA0B-46D2C6CDB378}.Release|Any CPU.Build.0 = Release|Any CPU
	EndGlobalSection
	GlobalSection(SolutionProperties) = preSolution
		HideSolutionNode = FALSE
	EndGlobalSection
	GlobalSection(ExtensibilityGlobals) = postSolution
		SolutionGuid = {2D43F7EE-E339-45A4-A632-9E58F22DC877}
	EndGlobalSection
EndGlobal
