
Microsoft Visual Studio Solution File, Format Version 12.00
# Visual Studio Version 17
VisualStudioVersion = 17.8.34525.116
MinimumVisualStudioVersion = 10.0.40219.1
Project("{FAE04EC0-301F-11D3-BF4B-00C04F79EFBC}") = "försäljningsApp", "försäljningsApp.csproj", "{F4731803-1985-4B8A-AA27-0C97215217C9}"
EndProject
Global
	GlobalSection(SolutionConfigurationPlatforms) = preSolution
		Debug|Any CPU = Debug|Any CPU
		Release|Any CPU = Release|Any CPU
	EndGlobalSection
	GlobalSection(ProjectConfigurationPlatforms) = postSolution
		{F4731803-1985-4B8A-AA27-0C97215217C9}.Debug|Any CPU.ActiveCfg = Debug|Any CPU
		{F4731803-1985-4B8A-AA27-0C97215217C9}.Debug|Any CPU.Build.0 = Debug|Any CPU
		{F4731803-1985-4B8A-AA27-0C97215217C9}.Release|Any CPU.ActiveCfg = Release|Any CPU
		{F4731803-1985-4B8A-AA27-0C97215217C9}.Release|Any CPU.Build.0 = Release|Any CPU
	EndGlobalSection
	GlobalSection(SolutionProperties) = preSolution
		HideSolutionNode = FALSE
	EndGlobalSection
	GlobalSection(ExtensibilityGlobals) = postSolution
		SolutionGuid = {FF97D10E-4514-4989-B8C9-FEADB723F7C4}
	EndGlobalSection
EndGlobal
